lockfileVersion: '6.0'

dependencies:
  '@aws-sdk/client-dynamodb':
    specifier: ^3.316.0
    version: 3.316.0
  next:
    specifier: latest
    version: 13.3.1(react-dom@18.2.0)(react@18.2.0)
  react:
    specifier: ^18.2.0
    version: 18.2.0
  react-dom:
    specifier: ^18.2.0
    version: 18.2.0(react@18.2.0)
  swr:
    specifier: ^1.3.0
    version: 1.3.0(react@18.2.0)
  uuid:
    specifier: ^8.3.2
    version: 8.3.2

devDependencies:
  turbo:
    specifier: ^1.9.3
    version: 1.9.3

packages:

  /@aws-crypto/ie11-detection@3.0.0:
    resolution: {integrity: sha512-341lBBkiY1DfDNKai/wXM3aujNBkXR7tq1URPQDL9wi3AUbI80NR74uF1TXHMm7po1AcnFk8iu2S2IeU/+/A+Q==}
    dependencies:
      tslib: 1.14.1
    dev: false

  /@aws-crypto/sha256-browser@3.0.0:
    resolution: {integrity: sha512-8VLmW2B+gjFbU5uMeqtQM6Nj0/F1bro80xQXCW6CQBWgosFWXTx77aeOF5CAIAmbOK64SdMBJdNr6J41yP5mvQ==}
    dependencies:
      '@aws-crypto/ie11-detection': 3.0.0
      '@aws-crypto/sha256-js': 3.0.0
      '@aws-crypto/supports-web-crypto': 3.0.0
      '@aws-crypto/util': 3.0.0
      '@aws-sdk/types': 3.310.0
      '@aws-sdk/util-locate-window': 3.208.0
      '@aws-sdk/util-utf8-browser': 3.259.0
      tslib: 1.14.1
    dev: false

  /@aws-crypto/sha256-js@3.0.0:
    resolution: {integrity: sha512-PnNN7os0+yd1XvXAy23CFOmTbMaDxgxXtTKHybrJ39Y8kGzBATgBFibWJKH6BhytLI/Zyszs87xCOBNyBig6vQ==}
    dependencies:
      '@aws-crypto/util': 3.0.0
      '@aws-sdk/types': 3.310.0
      tslib: 1.14.1
    dev: false

  /@aws-crypto/supports-web-crypto@3.0.0:
    resolution: {integrity: sha512-06hBdMwUAb2WFTuGG73LSC0wfPu93xWwo5vL2et9eymgmu3Id5vFAHBbajVWiGhPO37qcsdCap/FqXvJGJWPIg==}
    dependencies:
      tslib: 1.14.1
    dev: false

  /@aws-crypto/util@3.0.0:
    resolution: {integrity: sha512-2OJlpeJpCR48CC8r+uKVChzs9Iungj9wkZrl8Z041DWEWvyIHILYKCPNzJghKsivj+S3mLo6BVc7mBNzdxA46w==}
    dependencies:
      '@aws-sdk/types': 3.310.0
      '@aws-sdk/util-utf8-browser': 3.259.0
      tslib: 1.14.1
    dev: false

  /@aws-sdk/abort-controller@3.310.0:
    resolution: {integrity: sha512-v1zrRQxDLA1MdPim159Vx/CPHqsB4uybSxRi1CnfHO5ZjHryx3a5htW2gdGAykVCul40+yJXvfpufMrELVxH+g==}
    engines: {node: '>=14.0.0'}
    dependencies:
      '@aws-sdk/types': 3.310.0
      tslib: 2.5.0
    dev: false

  /@aws-sdk/client-dynamodb@3.316.0:
    resolution: {integrity: sha512-IDeWi5PPfJVYI8TEDa1SIr2UKl5r1QdmowHdlNVirwKWBKxyKfKrMM/lVksxHhDNFiks0LqIuPcN0nlekv8rgQ==}
    engines: {node: '>=14.0.0'}
    dependencies:
      '@aws-crypto/sha256-browser': 3.0.0
      '@aws-crypto/sha256-js': 3.0.0
      '@aws-sdk/client-sts': 3.316.0
      '@aws-sdk/config-resolver': 3.310.0
      '@aws-sdk/credential-provider-node': 3.316.0
      '@aws-sdk/fetch-http-handler': 3.310.0
      '@aws-sdk/hash-node': 3.310.0
      '@aws-sdk/invalid-dependency': 3.310.0
      '@aws-sdk/middleware-content-length': 3.310.0
      '@aws-sdk/middleware-endpoint': 3.310.0
      '@aws-sdk/middleware-endpoint-discovery': 3.310.0
      '@aws-sdk/middleware-host-header': 3.310.0
      '@aws-sdk/middleware-logger': 3.310.0
      '@aws-sdk/middleware-recursion-detection': 3.310.0
      '@aws-sdk/middleware-retry': 3.310.0
      '@aws-sdk/middleware-serde': 3.310.0
      '@aws-sdk/middleware-signing': 3.310.0
      '@aws-sdk/middleware-stack': 3.310.0
      '@aws-sdk/middleware-user-agent': 3.310.0
      '@aws-sdk/node-config-provider': 3.310.0
      '@aws-sdk/node-http-handler': 3.310.0
      '@aws-sdk/protocol-http': 3.310.0
      '@aws-sdk/smithy-client': 3.316.0
      '@aws-sdk/types': 3.310.0
      '@aws-sdk/url-parser': 3.310.0
      '@aws-sdk/util-base64': 3.310.0
      '@aws-sdk/util-body-length-browser': 3.310.0
      '@aws-sdk/util-body-length-node': 3.310.0
      '@aws-sdk/util-defaults-mode-browser': 3.316.0
      '@aws-sdk/util-defaults-mode-node': 3.316.0
      '@aws-sdk/util-endpoints': 3.310.0
      '@aws-sdk/util-retry': 3.310.0
      '@aws-sdk/util-user-agent-browser': 3.310.0
      '@aws-sdk/util-user-agent-node': 3.310.0
      '@aws-sdk/util-utf8': 3.310.0
      '@aws-sdk/util-waiter': 3.310.0
      tslib: 2.5.0
      uuid: 8.3.2
    transitivePeerDependencies:
      - aws-crt
    dev: false

  /@aws-sdk/client-sso-oidc@3.316.0:
    resolution: {integrity: sha512-e2fvC7o42YV+LcZYfXCcvBn4L7NM9oNccnZ7T+pS6SFpHZlaqkw4uuQMRE6iUAof+Id7Mt7xDrz1x2yGlP+8GA==}
    engines: {node: '>=14.0.0'}
    dependencies:
      '@aws-crypto/sha256-browser': 3.0.0
      '@aws-crypto/sha256-js': 3.0.0
      '@aws-sdk/config-resolver': 3.310.0
      '@aws-sdk/fetch-http-handler': 3.310.0
      '@aws-sdk/hash-node': 3.310.0
      '@aws-sdk/invalid-dependency': 3.310.0
      '@aws-sdk/middleware-content-length': 3.310.0
      '@aws-sdk/middleware-endpoint': 3.310.0
      '@aws-sdk/middleware-host-header': 3.310.0
      '@aws-sdk/middleware-logger': 3.310.0
      '@aws-sdk/middleware-recursion-detection': 3.310.0
      '@aws-sdk/middleware-retry': 3.310.0
      '@aws-sdk/middleware-serde': 3.310.0
      '@aws-sdk/middleware-stack': 3.310.0
      '@aws-sdk/middleware-user-agent': 3.310.0
      '@aws-sdk/node-config-provider': 3.310.0
      '@aws-sdk/node-http-handler': 3.310.0
      '@aws-sdk/protocol-http': 3.310.0
      '@aws-sdk/smithy-client': 3.316.0
      '@aws-sdk/types': 3.310.0
      '@aws-sdk/url-parser': 3.310.0
      '@aws-sdk/util-base64': 3.310.0
      '@aws-sdk/util-body-length-browser': 3.310.0
      '@aws-sdk/util-body-length-node': 3.310.0
      '@aws-sdk/util-defaults-mode-browser': 3.316.0
      '@aws-sdk/util-defaults-mode-node': 3.316.0
      '@aws-sdk/util-endpoints': 3.310.0
      '@aws-sdk/util-retry': 3.310.0
      '@aws-sdk/util-user-agent-browser': 3.310.0
      '@aws-sdk/util-user-agent-node': 3.310.0
      '@aws-sdk/util-utf8': 3.310.0
      tslib: 2.5.0
    transitivePeerDependencies:
      - aws-crt
    dev: false

  /@aws-sdk/client-sso@3.316.0:
    resolution: {integrity: sha512-wGXfIhR0lJGB8QTT0fwSwwklHePHxd2GW3IQt3trXnEYe0frmJ7vYRnVL5CSRKsikLDmaU7ll3SdsshMzQzo3w==}
    engines: {node: '>=14.0.0'}
    dependencies:
      '@aws-crypto/sha256-browser': 3.0.0
      '@aws-crypto/sha256-js': 3.0.0
      '@aws-sdk/config-resolver': 3.310.0
      '@aws-sdk/fetch-http-handler': 3.310.0
      '@aws-sdk/hash-node': 3.310.0
      '@aws-sdk/invalid-dependency': 3.310.0
      '@aws-sdk/middleware-content-length': 3.310.0
      '@aws-sdk/middleware-endpoint': 3.310.0
      '@aws-sdk/middleware-host-header': 3.310.0
      '@aws-sdk/middleware-logger': 3.310.0
      '@aws-sdk/middleware-recursion-detection': 3.310.0
      '@aws-sdk/middleware-retry': 3.310.0
      '@aws-sdk/middleware-serde': 3.310.0
      '@aws-sdk/middleware-stack': 3.310.0
      '@aws-sdk/middleware-user-agent': 3.310.0
      '@aws-sdk/node-config-provider': 3.310.0
      '@aws-sdk/node-http-handler': 3.310.0
      '@aws-sdk/protocol-http': 3.310.0
      '@aws-sdk/smithy-client': 3.316.0
      '@aws-sdk/types': 3.310.0
      '@aws-sdk/url-parser': 3.310.0
      '@aws-sdk/util-base64': 3.310.0
      '@aws-sdk/util-body-length-browser': 3.310.0
      '@aws-sdk/util-body-length-node': 3.310.0
      '@aws-sdk/util-defaults-mode-browser': 3.316.0
      '@aws-sdk/util-defaults-mode-node': 3.316.0
      '@aws-sdk/util-endpoints': 3.310.0
      '@aws-sdk/util-retry': 3.310.0
      '@aws-sdk/util-user-agent-browser': 3.310.0
      '@aws-sdk/util-user-agent-node': 3.310.0
      '@aws-sdk/util-utf8': 3.310.0
      tslib: 2.5.0
    transitivePeerDependencies:
      - aws-crt
    dev: false

  /@aws-sdk/client-sts@3.316.0:
    resolution: {integrity: sha512-5SD59+DRVy1mKckGs/5J8OwWpRS3E5v4BX19XaX/s9JJ5Rw9aZd9DP4SZVpeNXztIPjkQSEzHgrUVlZFB1QJgg==}
    engines: {node: '>=14.0.0'}
    dependencies:
      '@aws-crypto/sha256-browser': 3.0.0
      '@aws-crypto/sha256-js': 3.0.0
      '@aws-sdk/config-resolver': 3.310.0
      '@aws-sdk/credential-provider-node': 3.316.0
      '@aws-sdk/fetch-http-handler': 3.310.0
      '@aws-sdk/hash-node': 3.310.0
      '@aws-sdk/invalid-dependency': 3.310.0
      '@aws-sdk/middleware-content-length': 3.310.0
      '@aws-sdk/middleware-endpoint': 3.310.0
      '@aws-sdk/middleware-host-header': 3.310.0
      '@aws-sdk/middleware-logger': 3.310.0
      '@aws-sdk/middleware-recursion-detection': 3.310.0
      '@aws-sdk/middleware-retry': 3.310.0
      '@aws-sdk/middleware-sdk-sts': 3.310.0
      '@aws-sdk/middleware-serde': 3.310.0
      '@aws-sdk/middleware-signing': 3.310.0
      '@aws-sdk/middleware-stack': 3.310.0
      '@aws-sdk/middleware-user-agent': 3.310.0
      '@aws-sdk/node-config-provider': 3.310.0
      '@aws-sdk/node-http-handler': 3.310.0
      '@aws-sdk/protocol-http': 3.310.0
      '@aws-sdk/smithy-client': 3.316.0
      '@aws-sdk/types': 3.310.0
      '@aws-sdk/url-parser': 3.310.0
      '@aws-sdk/util-base64': 3.310.0
      '@aws-sdk/util-body-length-browser': 3.310.0
      '@aws-sdk/util-body-length-node': 3.310.0
      '@aws-sdk/util-defaults-mode-browser': 3.316.0
      '@aws-sdk/util-defaults-mode-node': 3.316.0
      '@aws-sdk/util-endpoints': 3.310.0
      '@aws-sdk/util-retry': 3.310.0
      '@aws-sdk/util-user-agent-browser': 3.310.0
      '@aws-sdk/util-user-agent-node': 3.310.0
      '@aws-sdk/util-utf8': 3.310.0
      fast-xml-parser: 4.1.2
      tslib: 2.5.0
    transitivePeerDependencies:
      - aws-crt
    dev: false

  /@aws-sdk/config-resolver@3.310.0:
    resolution: {integrity: sha512-8vsT+/50lOqfDxka9m/rRt6oxv1WuGZoP8oPMk0Dt+TxXMbAzf4+rejBgiB96wshI1k3gLokYRjSQZn+dDtT8g==}
    engines: {node: '>=14.0.0'}
    dependencies:
      '@aws-sdk/types': 3.310.0
      '@aws-sdk/util-config-provider': 3.310.0
      '@aws-sdk/util-middleware': 3.310.0
      tslib: 2.5.0
    dev: false

  /@aws-sdk/credential-provider-env@3.310.0:
    resolution: {integrity: sha512-vvIPQpI16fj95xwS7M3D48F7QhZJBnnCgB5lR+b7So+vsG9ibm1mZRVGzVpdxCvgyOhHFbvrby9aalNJmmIP1A==}
    engines: {node: '>=14.0.0'}
    dependencies:
      '@aws-sdk/property-provider': 3.310.0
      '@aws-sdk/types': 3.310.0
      tslib: 2.5.0
    dev: false

  /@aws-sdk/credential-provider-imds@3.310.0:
    resolution: {integrity: sha512-baxK7Zp6dai5AGW01FIW27xS2KAaPUmKLIXv5SvFYsUgXXvNW55im4uG3b+2gA0F7V+hXvVBH08OEqmwW6we5w==}
    engines: {node: '>=14.0.0'}
    dependencies:
      '@aws-sdk/node-config-provider': 3.310.0
      '@aws-sdk/property-provider': 3.310.0
      '@aws-sdk/types': 3.310.0
      '@aws-sdk/url-parser': 3.310.0
      tslib: 2.5.0
    dev: false

  /@aws-sdk/credential-provider-ini@3.316.0:
    resolution: {integrity: sha512-ZADkpdEjFCAXyzEpYbCRENlZ/AQEwevWdPd2yshjNo7xvOcepv4pPIBpYd8h9LvRafSLGA7zlWDz84hkIt+HKA==}
    engines: {node: '>=14.0.0'}
    dependencies:
      '@aws-sdk/credential-provider-env': 3.310.0
      '@aws-sdk/credential-provider-imds': 3.310.0
      '@aws-sdk/credential-provider-process': 3.310.0
      '@aws-sdk/credential-provider-sso': 3.316.0
      '@aws-sdk/credential-provider-web-identity': 3.310.0
      '@aws-sdk/property-provider': 3.310.0
      '@aws-sdk/shared-ini-file-loader': 3.310.0
      '@aws-sdk/types': 3.310.0
      tslib: 2.5.0
    transitivePeerDependencies:
      - aws-crt
    dev: false

  /@aws-sdk/credential-provider-node@3.316.0:
    resolution: {integrity: sha512-oE1LTXP8XZp4bT8LhBeolMRiz0RwnmHDC2XpUmWO8LTmbDNrQO0mVzxEvXDLeKaN5BIFIJqNFlMgjWUMa9Kwcw==}
    engines: {node: '>=14.0.0'}
    dependencies:
      '@aws-sdk/credential-provider-env': 3.310.0
      '@aws-sdk/credential-provider-imds': 3.310.0
      '@aws-sdk/credential-provider-ini': 3.316.0
      '@aws-sdk/credential-provider-process': 3.310.0
      '@aws-sdk/credential-provider-sso': 3.316.0
      '@aws-sdk/credential-provider-web-identity': 3.310.0
      '@aws-sdk/property-provider': 3.310.0
      '@aws-sdk/shared-ini-file-loader': 3.310.0
      '@aws-sdk/types': 3.310.0
      tslib: 2.5.0
    transitivePeerDependencies:
      - aws-crt
    dev: false

  /@aws-sdk/credential-provider-process@3.310.0:
    resolution: {integrity: sha512-h73sg6GPMUWC+3zMCbA1nZ2O03nNJt7G96JdmnantiXBwHpRKWW8nBTLzx5uhXn6hTuTaoQRP/P+oxQJKYdMmA==}
    engines: {node: '>=14.0.0'}
    dependencies:
      '@aws-sdk/property-provider': 3.310.0
      '@aws-sdk/shared-ini-file-loader': 3.310.0
      '@aws-sdk/types': 3.310.0
      tslib: 2.5.0
    dev: false

  /@aws-sdk/credential-provider-sso@3.316.0:
    resolution: {integrity: sha512-8/O2twlsoV1bDkZ9jd7JCMWsftfyoTyRT1UYscsKZGUDEgZRAxRkzS3GLYuLXEWNuxb1OB9rYk/cEJoxwy7T9g==}
    engines: {node: '>=14.0.0'}
    dependencies:
      '@aws-sdk/client-sso': 3.316.0
      '@aws-sdk/property-provider': 3.310.0
      '@aws-sdk/shared-ini-file-loader': 3.310.0
      '@aws-sdk/token-providers': 3.316.0
      '@aws-sdk/types': 3.310.0
      tslib: 2.5.0
    transitivePeerDependencies:
      - aws-crt
    dev: false

  /@aws-sdk/credential-provider-web-identity@3.310.0:
    resolution: {integrity: sha512-H4SzuZXILNhK6/IR1uVvsUDZvzc051hem7GLyYghBCu8mU+tq28YhKE8MfSroi6eL2e5Vujloij1OM2EQQkPkw==}
    engines: {node: '>=14.0.0'}
    dependencies:
      '@aws-sdk/property-provider': 3.310.0
      '@aws-sdk/types': 3.310.0
      tslib: 2.5.0
    dev: false

  /@aws-sdk/endpoint-cache@3.310.0:
    resolution: {integrity: sha512-y3wipforet41EDTI0vnzxILqwAGll1KfI5qcdX9pXF/WF1f+3frcOtPiWtQEZQpy4czRogKm3BHo70QBYAZxlQ==}
    engines: {node: '>=14.0.0'}
    dependencies:
      mnemonist: 0.38.3
      tslib: 2.5.0
    dev: false

  /@aws-sdk/fetch-http-handler@3.310.0:
    resolution: {integrity: sha512-Bi9vIwzdkw1zMcvi/zGzlWS9KfIEnAq4NNhsnCxbQ4OoIRU9wvU+WGZdBBhxg0ZxZmpp1j1aZhU53lLjA07MHw==}
    dependencies:
      '@aws-sdk/protocol-http': 3.310.0
      '@aws-sdk/querystring-builder': 3.310.0
      '@aws-sdk/types': 3.310.0
      '@aws-sdk/util-base64': 3.310.0
      tslib: 2.5.0
    dev: false

  /@aws-sdk/hash-node@3.310.0:
    resolution: {integrity: sha512-NvE2fhRc8GRwCXBfDehxVAWCmVwVMILliAKVPAEr4yz2CkYs0tqU51S48x23dtna07H4qHtgpeNqVTthcIQOEQ==}
    engines: {node: '>=14.0.0'}
    dependencies:
      '@aws-sdk/types': 3.310.0
      '@aws-sdk/util-buffer-from': 3.310.0
      '@aws-sdk/util-utf8': 3.310.0
      tslib: 2.5.0
    dev: false

  /@aws-sdk/invalid-dependency@3.310.0:
    resolution: {integrity: sha512-1s5RG5rSPXoa/aZ/Kqr5U/7lqpx+Ry81GprQ2bxWqJvWQIJ0IRUwo5pk8XFxbKVr/2a+4lZT/c3OGoBOM1yRRA==}
    dependencies:
      '@aws-sdk/types': 3.310.0
      tslib: 2.5.0
    dev: false

  /@aws-sdk/is-array-buffer@3.310.0:
    resolution: {integrity: sha512-urnbcCR+h9NWUnmOtet/s4ghvzsidFmspfhYaHAmSRdy9yDjdjBJMFjjsn85A1ODUktztm+cVncXjQ38WCMjMQ==}
    engines: {node: '>=14.0.0'}
    dependencies:
      tslib: 2.5.0
    dev: false

  /@aws-sdk/middleware-content-length@3.310.0:
    resolution: {integrity: sha512-P8tQZxgDt6CAh1wd/W6WPzjc+uWPJwQkm+F7rAwRlM+k9q17HrhnksGDKcpuuLyIhPQYdmOMIkpKVgXGa4avhQ==}
    engines: {node: '>=14.0.0'}
    dependencies:
      '@aws-sdk/protocol-http': 3.310.0
      '@aws-sdk/types': 3.310.0
      tslib: 2.5.0
    dev: false

  /@aws-sdk/middleware-endpoint-discovery@3.310.0:
    resolution: {integrity: sha512-+zZlFQ6rpvzBJrj/48iV+4tDOjnOB0syVT7Q0y+ekXzbGcNuIlLUustnLuPK1cIlMKWdmwfRzfGgGQAwyZ0l2A==}
    engines: {node: '>=14.0.0'}
    dependencies:
      '@aws-sdk/endpoint-cache': 3.310.0
      '@aws-sdk/protocol-http': 3.310.0
      '@aws-sdk/types': 3.310.0
      tslib: 2.5.0
    dev: false

  /@aws-sdk/middleware-endpoint@3.310.0:
    resolution: {integrity: sha512-Z+N2vOL8K354/lstkClxLLsr6hCpVRh+0tCMXrVj66/NtKysCEZ/0b9LmqOwD9pWHNiI2mJqXwY0gxNlKAroUg==}
    engines: {node: '>=14.0.0'}
    dependencies:
      '@aws-sdk/middleware-serde': 3.310.0
      '@aws-sdk/types': 3.310.0
      '@aws-sdk/url-parser': 3.310.0
      '@aws-sdk/util-middleware': 3.310.0
      tslib: 2.5.0
    dev: false

  /@aws-sdk/middleware-host-header@3.310.0:
    resolution: {integrity: sha512-QWSA+46/hXorXyWa61ic2K7qZzwHTiwfk2e9mRRjeIRepUgI3qxFjsYqrWtrOGBjmFmq0pYIY8Bb/DCJuQqcoA==}
    engines: {node: '>=14.0.0'}
    dependencies:
      '@aws-sdk/protocol-http': 3.310.0
      '@aws-sdk/types': 3.310.0
      tslib: 2.5.0
    dev: false

  /@aws-sdk/middleware-logger@3.310.0:
    resolution: {integrity: sha512-Lurm8XofrASBRnAVtiSNuDSRsRqPNg27RIFLLsLp/pqog9nFJ0vz0kgdb9S5Z+zw83Mm+UlqOe6D8NTUNp4fVg==}
    engines: {node: '>=14.0.0'}
    dependencies:
      '@aws-sdk/types': 3.310.0
      tslib: 2.5.0
    dev: false

  /@aws-sdk/middleware-recursion-detection@3.310.0:
    resolution: {integrity: sha512-SuB75/xk/gyue24gkriTwO2jFd7YcUGZDClQYuRejgbXSa3CO0lWyawQtfLcSSEBp9izrEVXuFH24K1eAft5nQ==}
    engines: {node: '>=14.0.0'}
    dependencies:
      '@aws-sdk/protocol-http': 3.310.0
      '@aws-sdk/types': 3.310.0
      tslib: 2.5.0
    dev: false

  /@aws-sdk/middleware-retry@3.310.0:
    resolution: {integrity: sha512-oTPsRy2W4s+dfxbJPW7Km+hHtv/OMsNsVfThAq8DDYKC13qlr1aAyOqGLD+dpBy2aKe7ss517Sy2HcHtHqm7/g==}
    engines: {node: '>=14.0.0'}
    dependencies:
      '@aws-sdk/protocol-http': 3.310.0
      '@aws-sdk/service-error-classification': 3.310.0
      '@aws-sdk/types': 3.310.0
      '@aws-sdk/util-middleware': 3.310.0
      '@aws-sdk/util-retry': 3.310.0
      tslib: 2.5.0
      uuid: 8.3.2
    dev: false

  /@aws-sdk/middleware-sdk-sts@3.310.0:
    resolution: {integrity: sha512-+5PFwlYNLvLLIfw0ASAoWV/iIF8Zv6R6QGtyP0CclhRSvNjgbQDVnV0g95MC5qvh+GB/Yjlkt8qAjLSPjHfsrQ==}
    engines: {node: '>=14.0.0'}
    dependencies:
      '@aws-sdk/middleware-signing': 3.310.0
      '@aws-sdk/types': 3.310.0
      tslib: 2.5.0
    dev: false

  /@aws-sdk/middleware-serde@3.310.0:
    resolution: {integrity: sha512-RNeeTVWSLTaentUeCgQKZhAl+C6hxtwD78cQWS10UymWpQFwbaxztzKUu4UQS5xA2j6PxwPRRUjqa4jcFjfLsg==}
    engines: {node: '>=14.0.0'}
    dependencies:
      '@aws-sdk/types': 3.310.0
      tslib: 2.5.0
    dev: false

  /@aws-sdk/middleware-signing@3.310.0:
    resolution: {integrity: sha512-f9mKq+XMdW207Af3hKjdTnpNhdtwqWuvFs/ZyXoOkp/g1MY1O6L23Jy6i52m29LxbT4AuNRG1oKODfXM0vYVjQ==}
    engines: {node: '>=14.0.0'}
    dependencies:
      '@aws-sdk/property-provider': 3.310.0
      '@aws-sdk/protocol-http': 3.310.0
      '@aws-sdk/signature-v4': 3.310.0
      '@aws-sdk/types': 3.310.0
      '@aws-sdk/util-middleware': 3.310.0
      tslib: 2.5.0
    dev: false

  /@aws-sdk/middleware-stack@3.310.0:
    resolution: {integrity: sha512-010O1PD+UAcZVKRvqEusE1KJqN96wwrf6QsqbRM0ywsKQ21NDweaHvEDlds2VHpgmofxkRLRu/IDrlPkKRQrRg==}
    engines: {node: '>=14.0.0'}
    dependencies:
      tslib: 2.5.0
    dev: false

  /@aws-sdk/middleware-user-agent@3.310.0:
    resolution: {integrity: sha512-x3IOwSwSbwKidlxRk3CNVHVUb06SRuaELxggCaR++QVI8NU6qD/l4VHXKVRvbTHiC/cYxXE/GaBDgQVpDR7V/g==}
    engines: {node: '>=14.0.0'}
    dependencies:
      '@aws-sdk/protocol-http': 3.310.0
      '@aws-sdk/types': 3.310.0
      '@aws-sdk/util-endpoints': 3.310.0
      tslib: 2.5.0
    dev: false

  /@aws-sdk/node-config-provider@3.310.0:
    resolution: {integrity: sha512-T/Pp6htc6hq/Cq+MLNDSyiwWCMVF6GqbBbXKVlO5L8rdHx4sq9xPdoPveZhGWrxvkanjA6eCwUp6E0riBOSVng==}
    engines: {node: '>=14.0.0'}
    dependencies:
      '@aws-sdk/property-provider': 3.310.0
      '@aws-sdk/shared-ini-file-loader': 3.310.0
      '@aws-sdk/types': 3.310.0
      tslib: 2.5.0
    dev: false

  /@aws-sdk/node-http-handler@3.310.0:
    resolution: {integrity: sha512-irv9mbcM9xC2xYjArQF5SYmHBMu4ciMWtGsoHII1nRuFOl9FoT4ffTvEPuLlfC6pznzvKt9zvnm6xXj7gDChKg==}
    engines: {node: '>=14.0.0'}
    dependencies:
      '@aws-sdk/abort-controller': 3.310.0
      '@aws-sdk/protocol-http': 3.310.0
      '@aws-sdk/querystring-builder': 3.310.0
      '@aws-sdk/types': 3.310.0
      tslib: 2.5.0
    dev: false

  /@aws-sdk/property-provider@3.310.0:
    resolution: {integrity: sha512-3lxDb0akV6BBzmFe4nLPaoliQbAifyWJhuvuDOu7e8NzouvpQXs0275w9LePhhcgjKAEVXUIse05ZW2DLbxo/g==}
    engines: {node: '>=14.0.0'}
    dependencies:
      '@aws-sdk/types': 3.310.0
      tslib: 2.5.0
    dev: false

  /@aws-sdk/protocol-http@3.310.0:
    resolution: {integrity: sha512-fgZ1aw/irQtnrsR58pS8ThKOWo57Py3xX6giRvwSgZDEcxHfVzuQjy9yPuV++v04fdmdtgpbGf8WfvAAJ11yXQ==}
    engines: {node: '>=14.0.0'}
    dependencies:
      '@aws-sdk/types': 3.310.0
      tslib: 2.5.0
    dev: false

  /@aws-sdk/querystring-builder@3.310.0:
    resolution: {integrity: sha512-ZHH8GV/80+pWGo7DzsvwvXR5xVxUHXUvPJPFAkhr6nCf78igdoF8gR10ScFoEKbtEapoNTaZlKHPXxpD8aPG7A==}
    engines: {node: '>=14.0.0'}
    dependencies:
      '@aws-sdk/types': 3.310.0
      '@aws-sdk/util-uri-escape': 3.310.0
      tslib: 2.5.0
    dev: false

  /@aws-sdk/querystring-parser@3.310.0:
    resolution: {integrity: sha512-YkIznoP6lsiIUHinx++/lbb3tlMURGGqMpo0Pnn32zYzGrJXA6eC3D0as2EcMjo55onTfuLcIiX4qzXes2MYOA==}
    engines: {node: '>=14.0.0'}
    dependencies:
      '@aws-sdk/types': 3.310.0
      tslib: 2.5.0
    dev: false

  /@aws-sdk/service-error-classification@3.310.0:
    resolution: {integrity: sha512-PuyC7k3qfIKeH2LCnDwbttMOKq3qAx4buvg0yfnJtQOz6t1AR8gsnAq0CjKXXyfkXwNKWTqCpE6lVNUIkXgsMw==}
    engines: {node: '>=14.0.0'}
    dev: false

  /@aws-sdk/shared-ini-file-loader@3.310.0:
    resolution: {integrity: sha512-N0q9pG0xSjQwc690YQND5bofm+4nfUviQ/Ppgan2kU6aU0WUq8KwgHJBto/YEEI+VlrME30jZJnxtOvcZJc2XA==}
    engines: {node: '>=14.0.0'}
    dependencies:
      '@aws-sdk/types': 3.310.0
      tslib: 2.5.0
    dev: false

  /@aws-sdk/signature-v4@3.310.0:
    resolution: {integrity: sha512-1M60P1ZBNAjCFv9sYW29OF6okktaeibWyW3lMXqzoHF70lHBZh+838iUchznXUA5FLabfn4jBFWMRxlAXJUY2Q==}
    engines: {node: '>=14.0.0'}
    dependencies:
      '@aws-sdk/is-array-buffer': 3.310.0
      '@aws-sdk/types': 3.310.0
      '@aws-sdk/util-hex-encoding': 3.310.0
      '@aws-sdk/util-middleware': 3.310.0
      '@aws-sdk/util-uri-escape': 3.310.0
      '@aws-sdk/util-utf8': 3.310.0
      tslib: 2.5.0
    dev: false

  /@aws-sdk/smithy-client@3.316.0:
    resolution: {integrity: sha512-6YXOKbRnXeS8r8RWzuL6JMBolDYM5Wa4fD/VY6x/wK78i2xErHOvqzHgyyeLI1MMw4uqyd4wRNJNWC9TMPduXw==}
    engines: {node: '>=14.0.0'}
    dependencies:
      '@aws-sdk/middleware-stack': 3.310.0
      '@aws-sdk/types': 3.310.0
      tslib: 2.5.0
    dev: false

  /@aws-sdk/token-providers@3.316.0:
    resolution: {integrity: sha512-foJ2YmB8A/mtp52riO2zdmBgzA3IpASNgUhY9FZg1BKpGcjqLQDGYP+BY3BA0H7CFsMa4PCf13M5wWwn1onyBA==}
    engines: {node: '>=14.0.0'}
    dependencies:
      '@aws-sdk/client-sso-oidc': 3.316.0
      '@aws-sdk/property-provider': 3.310.0
      '@aws-sdk/shared-ini-file-loader': 3.310.0
      '@aws-sdk/types': 3.310.0
      tslib: 2.5.0
    transitivePeerDependencies:
      - aws-crt
    dev: false

  /@aws-sdk/types@3.310.0:
    resolution: {integrity: sha512-j8eamQJ7YcIhw7fneUfs8LYl3t01k4uHi4ZDmNRgtbmbmTTG3FZc2MotStZnp3nZB6vLiPF1o5aoJxWVvkzS6A==}
    engines: {node: '>=14.0.0'}
    dependencies:
      tslib: 2.5.0
    dev: false

  /@aws-sdk/url-parser@3.310.0:
    resolution: {integrity: sha512-mCLnCaSB9rQvAgx33u0DujLvr4d5yEm/W5r789GblwwQnlNXedVu50QRizMLTpltYWyAUoXjJgQnJHmJMaKXhw==}
    dependencies:
      '@aws-sdk/querystring-parser': 3.310.0
      '@aws-sdk/types': 3.310.0
      tslib: 2.5.0
    dev: false

  /@aws-sdk/util-base64@3.310.0:
    resolution: {integrity: sha512-v3+HBKQvqgdzcbL+pFswlx5HQsd9L6ZTlyPVL2LS9nNXnCcR3XgGz9jRskikRUuUvUXtkSG1J88GAOnJ/apTPg==}
    engines: {node: '>=14.0.0'}
    dependencies:
      '@aws-sdk/util-buffer-from': 3.310.0
      tslib: 2.5.0
    dev: false

  /@aws-sdk/util-body-length-browser@3.310.0:
    resolution: {integrity: sha512-sxsC3lPBGfpHtNTUoGXMQXLwjmR0zVpx0rSvzTPAuoVILVsp5AU/w5FphNPxD5OVIjNbZv9KsKTuvNTiZjDp9g==}
    dependencies:
      tslib: 2.5.0
    dev: false

  /@aws-sdk/util-body-length-node@3.310.0:
    resolution: {integrity: sha512-2tqGXdyKhyA6w4zz7UPoS8Ip+7sayOg9BwHNidiGm2ikbDxm1YrCfYXvCBdwaJxa4hJfRVz+aL9e+d3GqPI9pQ==}
    engines: {node: '>=14.0.0'}
    dependencies:
      tslib: 2.5.0
    dev: false

  /@aws-sdk/util-buffer-from@3.310.0:
    resolution: {integrity: sha512-i6LVeXFtGih5Zs8enLrt+ExXY92QV25jtEnTKHsmlFqFAuL3VBeod6boeMXkN2p9lbSVVQ1sAOOYZOHYbYkntw==}
    engines: {node: '>=14.0.0'}
    dependencies:
      '@aws-sdk/is-array-buffer': 3.310.0
      tslib: 2.5.0
    dev: false

  /@aws-sdk/util-config-provider@3.310.0:
    resolution: {integrity: sha512-xIBaYo8dwiojCw8vnUcIL4Z5tyfb1v3yjqyJKJWV/dqKUFOOS0U591plmXbM+M/QkXyML3ypon1f8+BoaDExrg==}
    engines: {node: '>=14.0.0'}
    dependencies:
      tslib: 2.5.0
    dev: false

  /@aws-sdk/util-defaults-mode-browser@3.316.0:
    resolution: {integrity: sha512-6FSqLhYmaihtH2n1s4b2rlLW0ABU8N6VZIfzLfe2ING4PF0MzfaMMhnTFUHVXfKCVGoR8yP6iyFTRCyHGVEL1w==}
    engines: {node: '>= 10.0.0'}
    dependencies:
      '@aws-sdk/property-provider': 3.310.0
      '@aws-sdk/types': 3.310.0
      bowser: 2.11.0
      tslib: 2.5.0
    dev: false

  /@aws-sdk/util-defaults-mode-node@3.316.0:
    resolution: {integrity: sha512-dkYy10hdjPSScXXvnjGpZpnJxllkb6ICHgLMwZ4JczLHhPM12T/4PQ758YN8HS+muiYDGX1Bl2z1jd/bMcewBQ==}
    engines: {node: '>= 10.0.0'}
    dependencies:
      '@aws-sdk/config-resolver': 3.310.0
      '@aws-sdk/credential-provider-imds': 3.310.0
      '@aws-sdk/node-config-provider': 3.310.0
      '@aws-sdk/property-provider': 3.310.0
      '@aws-sdk/types': 3.310.0
      tslib: 2.5.0
    dev: false

  /@aws-sdk/util-endpoints@3.310.0:
    resolution: {integrity: sha512-zG+/d/O5KPmAaeOMPd6bW1abifdT0H03f42keLjYEoRZzYtHPC5DuPE0UayiWGckI6BCDgy0sRKXCYS49UNFaQ==}
    engines: {node: '>=14.0.0'}
    dependencies:
      '@aws-sdk/types': 3.310.0
      tslib: 2.5.0
    dev: false

  /@aws-sdk/util-hex-encoding@3.310.0:
    resolution: {integrity: sha512-sVN7mcCCDSJ67pI1ZMtk84SKGqyix6/0A1Ab163YKn+lFBQRMKexleZzpYzNGxYzmQS6VanP/cfU7NiLQOaSfA==}
    engines: {node: '>=14.0.0'}
    dependencies:
      tslib: 2.5.0
    dev: false

  /@aws-sdk/util-locate-window@3.208.0:
    resolution: {integrity: sha512-iua1A2+P7JJEDHVgvXrRJSvsnzG7stYSGQnBVphIUlemwl6nN5D+QrgbjECtrbxRz8asYFHSzhdhECqN+tFiBg==}
    engines: {node: '>=14.0.0'}
    dependencies:
      tslib: 2.5.0
    dev: false

  /@aws-sdk/util-middleware@3.310.0:
    resolution: {integrity: sha512-FTSUKL/eRb9X6uEZClrTe27QFXUNNp7fxYrPndZwk1hlaOP5ix+MIHBcI7pIiiY/JPfOUmPyZOu+HetlFXjWog==}
    engines: {node: '>=14.0.0'}
    dependencies:
      tslib: 2.5.0
    dev: false

  /@aws-sdk/util-retry@3.310.0:
    resolution: {integrity: sha512-FwWGhCBLfoivTMUHu1LIn4NjrN9JLJ/aX5aZmbcPIOhZVFJj638j0qDgZXyfvVqBuBZh7M8kGq0Oahy3dp69OA==}
    engines: {node: '>= 14.0.0'}
    dependencies:
      '@aws-sdk/service-error-classification': 3.310.0
      tslib: 2.5.0
    dev: false

  /@aws-sdk/util-uri-escape@3.310.0:
    resolution: {integrity: sha512-drzt+aB2qo2LgtDoiy/3sVG8w63cgLkqFIa2NFlGpUgHFWTXkqtbgf4L5QdjRGKWhmZsnqkbtL7vkSWEcYDJ4Q==}
    engines: {node: '>=14.0.0'}
    dependencies:
      tslib: 2.5.0
    dev: false

  /@aws-sdk/util-user-agent-browser@3.310.0:
    resolution: {integrity: sha512-yU/4QnHHuQ5z3vsUqMQVfYLbZGYwpYblPiuZx4Zo9+x0PBkNjYMqctdDcrpoH9Z2xZiDN16AmQGK1tix117ZKw==}
    dependencies:
      '@aws-sdk/types': 3.310.0
      bowser: 2.11.0
      tslib: 2.5.0
    dev: false

  /@aws-sdk/util-user-agent-node@3.310.0:
    resolution: {integrity: sha512-Ra3pEl+Gn2BpeE7KiDGpi4zj7WJXZA5GXnGo3mjbi9+Y3zrbuhJAbdZO3mO/o7xDgMC6ph4xCTbaSGzU6b6EDg==}
    engines: {node: '>=14.0.0'}
    peerDependencies:
      aws-crt: '>=1.0.0'
    peerDependenciesMeta:
      aws-crt:
        optional: true
    dependencies:
      '@aws-sdk/node-config-provider': 3.310.0
      '@aws-sdk/types': 3.310.0
      tslib: 2.5.0
    dev: false

  /@aws-sdk/util-utf8-browser@3.259.0:
    resolution: {integrity: sha512-UvFa/vR+e19XookZF8RzFZBrw2EUkQWxiBW0yYQAhvk3C+QVGl0H3ouca8LDBlBfQKXwmW3huo/59H8rwb1wJw==}
    dependencies:
      tslib: 2.5.0
    dev: false

  /@aws-sdk/util-utf8@3.310.0:
    resolution: {integrity: sha512-DnLfFT8uCO22uOJc0pt0DsSNau1GTisngBCDw8jQuWT5CqogMJu4b/uXmwEqfj8B3GX6Xsz8zOd6JpRlPftQoA==}
    engines: {node: '>=14.0.0'}
    dependencies:
      '@aws-sdk/util-buffer-from': 3.310.0
      tslib: 2.5.0
    dev: false

  /@aws-sdk/util-waiter@3.310.0:
    resolution: {integrity: sha512-AV5j3guH/Y4REu+Qh3eXQU9igljHuU4XjX2sADAgf54C0kkhcCCkkiuzk3IsX089nyJCqIcj5idbjdvpnH88Vw==}
    engines: {node: '>=14.0.0'}
    dependencies:
      '@aws-sdk/abort-controller': 3.310.0
      '@aws-sdk/types': 3.310.0
      tslib: 2.5.0
    dev: false

  /@next/env@13.3.1:
    resolution: {integrity: sha512-EDtCoedIZC7JlUQ3uaQpSc4aVmyhbLHmQVALg7pFfQgOTjgSnn7mKtA0DiCMkYvvsx6aFb5octGMtWrOtGXW9A==}
    dev: false

  /@next/swc-darwin-arm64@13.3.1:
    resolution: {integrity: sha512-UXPtriEc/pBP8luSLSCZBcbzPeVv+SSjs9cH/KygTbhmACye8/OOXRZO13Z2Wq1G0gLmEAIHQAOuF+vafPd2lw==}
    engines: {node: '>= 10'}
    cpu: [arm64]
    os: [darwin]
    requiresBuild: true
    dev: false
    optional: true

  /@next/swc-darwin-x64@13.3.1:
    resolution: {integrity: sha512-lT36yYxosCfLtplFzJWgo0hrPu6/do8+msgM7oQkPeohDNdhjtjFUgOOwdSnPublLR6Mo2Ym4P/wl5OANuD2bw==}
    engines: {node: '>= 10'}
    cpu: [x64]
    os: [darwin]
    requiresBuild: true
    dev: false
    optional: true

  /@next/swc-linux-arm64-gnu@13.3.1:
    resolution: {integrity: sha512-wRb76nLWJhonH8s3kxC/1tFguEkeOPayIwe9mkaz1G/yeS3OrjeyKMJsb4+Kdg0zbTo53bNCOl59NNtDM7yyyw==}
    engines: {node: '>= 10'}
    cpu: [arm64]
    os: [linux]
    requiresBuild: true
    dev: false
    optional: true

  /@next/swc-linux-arm64-musl@13.3.1:
    resolution: {integrity: sha512-qz3BzjJRZ16Iq/jrp+pjiYOc0jTjHlfmxQmZk9x/+5uhRP6/eWQSTAPVJ33BMo6oK5O5N4644OgTAbzXzorecg==}
    engines: {node: '>= 10'}
    cpu: [arm64]
    os: [linux]
    requiresBuild: true
    dev: false
    optional: true

  /@next/swc-linux-x64-gnu@13.3.1:
    resolution: {integrity: sha512-6mgkLmwlyWlomQmpl21I3hxgqE5INoW4owTlcLpNsd1V4wP+J46BlI/5zV5KWWbzjfncIqzXoeGs5Eg+1GHODA==}
    engines: {node: '>= 10'}
    cpu: [x64]
    os: [linux]
    requiresBuild: true
    dev: false
    optional: true

  /@next/swc-linux-x64-musl@13.3.1:
    resolution: {integrity: sha512-uqm5sielhQmKJM+qayIhgZv1KlS5pqTdQ99b+Z7hMWryXS96qE0DftTmMZowBcUL6x7s2vSXyH5wPtO1ON7LBg==}
    engines: {node: '>= 10'}
    cpu: [x64]
    os: [linux]
    requiresBuild: true
    dev: false
    optional: true

  /@next/swc-win32-arm64-msvc@13.3.1:
    resolution: {integrity: sha512-WomIiTj/v3LevltlibNQKmvrOymNRYL+a0dp5R73IwPWN5FvXWwSELN/kiNALig/+T3luc4qHNTyvMCp9L6U5Q==}
    engines: {node: '>= 10'}
    cpu: [arm64]
    os: [win32]
    requiresBuild: true
    dev: false
    optional: true

  /@next/swc-win32-ia32-msvc@13.3.1:
    resolution: {integrity: sha512-M+PoH+0+q658wRUbs285RIaSTYnGBSTdweH/0CdzDgA6Q4rBM0sQs4DHmO3BPP0ltCO/vViIoyG7ks66XmCA5g==}
    engines: {node: '>= 10'}
    cpu: [ia32]
    os: [win32]
    requiresBuild: true
    dev: false
    optional: true

  /@next/swc-win32-x64-msvc@13.3.1:
    resolution: {integrity: sha512-Sl1F4Vp5Z1rNXWZYqJwMuWRRol4bqOB6+/d7KqkgQ4AcafKPN1PZmpkCoxv4UFHtFNIB7EotnuIhtXu3zScicQ==}
    engines: {node: '>= 10'}
    cpu: [x64]
    os: [win32]
    requiresBuild: true
    dev: false
    optional: true

  /@swc/helpers@0.5.0:
    resolution: {integrity: sha512-SjY/p4MmECVVEWspzSRpQEM3sjR17sP8PbGxELWrT+YZMBfiUyt1MRUNjMV23zohwlG2HYtCQOsCwsTHguXkyg==}
    dependencies:
      tslib: 2.5.0
    dev: false

  /bowser@2.11.0:
    resolution: {integrity: sha512-AlcaJBi/pqqJBIQ8U9Mcpc9i8Aqxn88Skv5d+xBX006BY5u8N3mGLHa5Lgppa7L/HfwgwLgZ6NYs+Ag6uUmJRA==}
    dev: false

  /busboy@1.6.0:
    resolution: {integrity: sha512-8SFQbg/0hQ9xy3UNTB0YEnsNBbWfhf7RtnzpL7TkBiTBRfrQ9Fxcnz7VJsleJpyp6rVLvXiuORqjlHi5q+PYuA==}
    engines: {node: '>=10.16.0'}
    dependencies:
      streamsearch: 1.1.0
    dev: false

  /caniuse-lite@1.0.30001466:
    resolution: {integrity: sha512-ewtFBSfWjEmxUgNBSZItFSmVtvk9zkwkl1OfRZlKA8slltRN+/C/tuGVrF9styXkN36Yu3+SeJ1qkXxDEyNZ5w==}
    dev: false

  /client-only@0.0.1:
    resolution: {integrity: sha512-IV3Ou0jSMzZrd3pZ48nLkT9DA7Ag1pnPzaiQhpW7c3RbcqqzvzzVu+L8gfqMp/8IM2MQtSiqaCxrrcfu8I8rMA==}
    dev: false

  /fast-xml-parser@4.1.2:
    resolution: {integrity: sha512-CDYeykkle1LiA/uqQyNwYpFbyF6Axec6YapmpUP+/RHWIoR1zKjocdvNaTsxCxZzQ6v9MLXaSYm9Qq0thv0DHg==}
    hasBin: true
    dependencies:
      strnum: 1.0.5
    dev: false

  /js-tokens@4.0.0:
    resolution: {integrity: sha512-RdJUflcE3cUzKiMqQgsCu06FPu9UdIJO0beYbPhHN4k6apgJtifcoCtT9bcxOpYBtpD2kCM6Sbzg4CausW/PKQ==}
    dev: false

  /loose-envify@1.4.0:
    resolution: {integrity: sha512-lyuxPGr/Wfhrlem2CL/UcnUc1zcqKAImBDzukY7Y5F/yQiNdko6+fRLevlw1HgMySw7f611UIY408EtxRSoK3Q==}
    hasBin: true
    dependencies:
      js-tokens: 4.0.0
    dev: false

  /mnemonist@0.38.3:
    resolution: {integrity: sha512-2K9QYubXx/NAjv4VLq1d1Ly8pWNC5L3BrixtdkyTegXWJIqY+zLNDhhX/A+ZwWt70tB1S8H4BE8FLYEFyNoOBw==}
    dependencies:
      obliterator: 1.6.1
    dev: false

  /nanoid@3.3.4:
    resolution: {integrity: sha512-MqBkQh/OHTS2egovRtLk45wEyNXwF+cokD+1YPf9u5VfJiRdAiRwB2froX5Co9Rh20xs4siNPm8naNotSD6RBw==}
    engines: {node: ^10 || ^12 || ^13.7 || ^14 || >=15.0.1}
    hasBin: true
    dev: false

  /next@13.3.1(react-dom@18.2.0)(react@18.2.0):
    resolution: {integrity: sha512-eByWRxPzKHs2oQz1yE41LX35umhz86ZSZ+mYyXBqn2IBi2hyUqxBA88avywdr4uyH+hCJczegGsDGWbzQA5Rqw==}
    engines: {node: '>=14.18.0'}
    hasBin: true
    peerDependencies:
      '@opentelemetry/api': ^1.1.0
      fibers: '>= 3.1.0'
      node-sass: ^6.0.0 || ^7.0.0
      react: ^18.2.0
      react-dom: ^18.2.0
      sass: ^1.3.0
    peerDependenciesMeta:
      '@opentelemetry/api':
        optional: true
      fibers:
        optional: true
      node-sass:
        optional: true
      sass:
        optional: true
    dependencies:
      '@next/env': 13.3.1
      '@swc/helpers': 0.5.0
      busboy: 1.6.0
      caniuse-lite: 1.0.30001466
      postcss: 8.4.14
      react: 18.2.0
      react-dom: 18.2.0(react@18.2.0)
      styled-jsx: 5.1.1(react@18.2.0)
    optionalDependencies:
      '@next/swc-darwin-arm64': 13.3.1
      '@next/swc-darwin-x64': 13.3.1
      '@next/swc-linux-arm64-gnu': 13.3.1
      '@next/swc-linux-arm64-musl': 13.3.1
      '@next/swc-linux-x64-gnu': 13.3.1
      '@next/swc-linux-x64-musl': 13.3.1
      '@next/swc-win32-arm64-msvc': 13.3.1
      '@next/swc-win32-ia32-msvc': 13.3.1
      '@next/swc-win32-x64-msvc': 13.3.1
    transitivePeerDependencies:
      - '@babel/core'
      - babel-plugin-macros
    dev: false

  /obliterator@1.6.1:
    resolution: {integrity: sha512-9WXswnqINnnhOG/5SLimUlzuU1hFJUc8zkwyD59Sd+dPOMf05PmnYG/d6Q7HZ+KmgkZJa1PxRso6QdM3sTNHig==}
    dev: false

  /picocolors@1.0.0:
    resolution: {integrity: sha512-1fygroTLlHu66zi26VoTDv8yRgm0Fccecssto+MhsZ0D/DGW2sm8E8AjW7NU5VVTRt5GxbeZ5qBuJr+HyLYkjQ==}
    dev: false

  /postcss@8.4.14:
    resolution: {integrity: sha512-E398TUmfAYFPBSdzgeieK2Y1+1cpdxJx8yXbK/m57nRhKSmk1GB2tO4lbLBtlkfPQTDKfe4Xqv1ASWPpayPEig==}
    engines: {node: ^10 || ^12 || >=14}
    dependencies:
      nanoid: 3.3.4
      picocolors: 1.0.0
      source-map-js: 1.0.2
    dev: false

  /react-dom@18.2.0(react@18.2.0):
    resolution: {integrity: sha512-6IMTriUmvsjHUjNtEDudZfuDQUoWXVxKHhlEGSk81n4YFS+r/Kl99wXiwlVXtPBtJenozv2P+hxDsw9eA7Xo6g==}
    peerDependencies:
      react: ^18.2.0
    dependencies:
      loose-envify: 1.4.0
      react: 18.2.0
      scheduler: 0.23.0
    dev: false

  /react@18.2.0:
    resolution: {integrity: sha512-/3IjMdb2L9QbBdWiW5e3P2/npwMBaU9mHCSCUzNln0ZCYbcfTsGbTJrU/kGemdH2IWmB2ioZ+zkxtmq6g09fGQ==}
    engines: {node: '>=0.10.0'}
    dependencies:
      loose-envify: 1.4.0
    dev: false

  /scheduler@0.23.0:
    resolution: {integrity: sha512-CtuThmgHNg7zIZWAXi3AsyIzA3n4xx7aNyjwC2VJldO2LMVDhFK+63xGqq6CsJH4rTAt6/M+N4GhZiDYPx9eUw==}
    dependencies:
      loose-envify: 1.4.0
    dev: false

  /source-map-js@1.0.2:
    resolution: {integrity: sha512-R0XvVJ9WusLiqTCEiGCmICCMplcCkIwwR11mOSD9CR5u+IXYdiseeEuXCVAjS54zqwkLcPNnmU4OeJ6tUrWhDw==}
    engines: {node: '>=0.10.0'}
    dev: false

  /streamsearch@1.1.0:
    resolution: {integrity: sha512-Mcc5wHehp9aXz1ax6bZUyY5afg9u2rv5cqQI3mRrYkGC8rW2hM02jWuwjtL++LS5qinSyhj2QfLyNsuc+VsExg==}
    engines: {node: '>=10.0.0'}
    dev: false

  /strnum@1.0.5:
    resolution: {integrity: sha512-J8bbNyKKXl5qYcR36TIO8W3mVGVHrmmxsd5PAItGkmyzwJvybiw2IVq5nqd0i4LSNSkB/sx9VHllbfFdr9k1JA==}
    dev: false

  /styled-jsx@5.1.1(react@18.2.0):
    resolution: {integrity: sha512-pW7uC1l4mBZ8ugbiZrcIsiIvVx1UmTfw7UkC3Um2tmfUq9Bhk8IiyEIPl6F8agHgjzku6j0xQEZbfA5uSgSaCw==}
    engines: {node: '>= 12.0.0'}
    peerDependencies:
      '@babel/core': '*'
      babel-plugin-macros: '*'
      react: '>= 16.8.0 || 17.x.x || ^18.0.0-0'
    peerDependenciesMeta:
      '@babel/core':
        optional: true
      babel-plugin-macros:
        optional: true
    dependencies:
      client-only: 0.0.1
      react: 18.2.0
    dev: false

  /swr@1.3.0(react@18.2.0):
    resolution: {integrity: sha512-dkghQrOl2ORX9HYrMDtPa7LTVHJjCTeZoB1dqTbnnEDlSvN8JEKpYIYurDfvbQFUUS8Cg8PceFVZNkW0KNNYPw==}
    peerDependencies:
      react: ^16.11.0 || ^17.0.0 || ^18.0.0
    dependencies:
      react: 18.2.0
    dev: false

  /tslib@1.14.1:
    resolution: {integrity: sha512-Xni35NKzjgMrwevysHTCArtLDpPvye8zV/0E4EyYn43P7/7qvQwPh9BGkHewbMulVntbigmcT7rdX3BNo9wRJg==}
    dev: false

  /tslib@2.5.0:
    resolution: {integrity: sha512-336iVw3rtn2BUK7ORdIAHTyxHGRIHVReokCR3XjbckJMK7ms8FysBfhLR8IXnAgy7T0PTPNBWKiH514FOW/WSg==}
    dev: false

  /turbo-darwin-64@1.9.3:
    resolution: {integrity: sha512-0dFc2cWXl82kRE4Z+QqPHhbEFEpUZho1msHXHWbz5+PqLxn8FY0lEVOHkq5tgKNNEd5KnGyj33gC/bHhpZOk5g==}
    cpu: [x64]
    os: [darwin]
    requiresBuild: true
    dev: true
    optional: true

  /turbo-darwin-arm64@1.9.3:
    resolution: {integrity: sha512-1cYbjqLBA2zYE1nbf/qVnEkrHa4PkJJbLo7hnuMuGM0bPzh4+AnTNe98gELhqI1mkTWBu/XAEeF5u6dgz0jLNA==}
    cpu: [arm64]
    os: [darwin]
    requiresBuild: true
    dev: true
    optional: true

  /turbo-linux-64@1.9.3:
    resolution: {integrity: sha512-UuBPFefawEwpuxh5pM9Jqq3q4C8M0vYxVYlB3qea/nHQ80pxYq7ZcaLGEpb10SGnr3oMUUs1zZvkXWDNKCJb8Q==}
    cpu: [x64]
    os: [linux]
    requiresBuild: true
    dev: true
    optional: true

  /turbo-linux-arm64@1.9.3:
    resolution: {integrity: sha512-vUrNGa3hyDtRh9W0MkO+l1dzP8Co2gKnOVmlJQW0hdpOlWlIh22nHNGGlICg+xFa2f9j4PbQlWTsc22c019s8Q==}
    cpu: [arm64]
    os: [linux]
    requiresBuild: true
    dev: true
    optional: true

  /turbo-windows-64@1.9.3:
    resolution: {integrity: sha512-0BZ7YaHs6r+K4ksqWus1GKK3W45DuDqlmfjm/yuUbTEVc8szmMCs12vugU2Zi5GdrdJSYfoKfEJ/PeegSLIQGQ==}
    cpu: [x64]
    os: [win32]
    requiresBuild: true
    dev: true
    optional: true

  /turbo-windows-arm64@1.9.3:
    resolution: {integrity: sha512-QJUYLSsxdXOsR1TquiOmLdAgtYcQ/RuSRpScGvnZb1hY0oLc7JWU0llkYB81wVtWs469y8H9O0cxbKwCZGR4RQ==}
    cpu: [arm64]
    os: [win32]
    requiresBuild: true
    dev: true
    optional: true

  /turbo@1.9.3:
    resolution: {integrity: sha512-ID7mxmaLUPKG/hVkp+h0VuucB1U99RPCJD9cEuSEOdIPoSIuomcIClEJtKamUsdPLhLCud+BvapBNnhgh58Nzw==}
    hasBin: true
    requiresBuild: true
    optionalDependencies:
      turbo-darwin-64: 1.9.3
      turbo-darwin-arm64: 1.9.3
      turbo-linux-64: 1.9.3
      turbo-linux-arm64: 1.9.3
      turbo-windows-64: 1.9.3
      turbo-windows-arm64: 1.9.3
    dev: true

  /uuid@8.3.2:
    resolution: {integrity: sha512-+NYs2QeMWy+GWFOEm9xnn6HCDp0l7QBD7ml8zLUmJ+93Q5NF0NocErnwkTkXVFNiX3/fpC6afS8Dhb/gz7R7eg==}
    hasBin: true
    dev: false
